Microsoft Visual Studio Solution File, Format Version 12.00
# Visual Studio Version 17
VisualStudioVersion = 17.5.2.0
MinimumVisualStudioVersion = 10.0.40219.1
Project("{FAE04EC0-301F-11D3-BF4B-00C04F79EFBC}") = "VierGewinntApi", "VierGewinntApi.csproj", "{394C3677-ED54-81BE-6268-ACF2D1F1E6DA}"
EndProject
Global
	GlobalSection(SolutionConfigurationPlatforms) = preSolution
		Debug|Any CPU = Debug|Any CPU
		Release|Any CPU = Release|Any CPU
	EndGlobalSection
	GlobalSection(ProjectConfigurationPlatforms) = postSolution
		{394C3677-ED54-81BE-6268-ACF2D1F1E6DA}.Debug|Any CPU.ActiveCfg = Debug|Any CPU
		{394C3677-ED54-81BE-6268-ACF2D1F1E6DA}.Debug|Any CPU.Build.0 = Debug|Any CPU
		{394C3677-ED54-81BE-6268-ACF2D1F1E6DA}.Release|Any CPU.ActiveCfg = Release|Any CPU
		{394C3677-ED54-81BE-6268-ACF2D1F1E6DA}.Release|Any CPU.Build.0 = Release|Any CPU
	EndGlobalSection
	GlobalSection(SolutionProperties) = preSolution
		HideSolutionNode = FALSE
	EndGlobalSection
	GlobalSection(ExtensibilityGlobals) = postSolution
		SolutionGuid = {F0A53CC0-7404-4271-837C-A617513ABECE}
	EndGlobalSection
EndGlobal
